
Microsoft Visual Studio Solution File, Format Version 12.00
# Visual Studio Version 17
VisualStudioVersion = 17.4.33122.133
MinimumVisualStudioVersion = 10.0.40219.1
Project("{2150E333-8FDC-42A3-9474-1A3956D46DE8}") = "FrontEnd", "FrontEnd", "{655D78BB-D3E0-429A-9645-6DBD52DD420C}"
EndProject
Project("{FAE04EC0-301F-11D3-BF4B-00C04F79EFBC}") = "Mango.Web", "Mango.Web\Mango.Web.csproj", "{2E0718A6-834D-43ED-B552-763AECCFAB8A}"
EndProject
Project("{2150E333-8FDC-42A3-9474-1A3956D46DE8}") = "Services", "Services", "{26407C85-4DA4-4D7B-B6FE-BDD29A593D94}"
EndProject
Project("{FAE04EC0-301F-11D3-BF4B-00C04F79EFBC}") = "Mango.Services.ProductAPI", "Mango.Services.ProductAPI\Mango.Services.ProductAPI.csproj", "{B6AC1E57-3646-4EA9-9E23-0447D719E4FC}"
EndProject
Global
	GlobalSection(SolutionConfigurationPlatforms) = preSolution
		Debug|Any CPU = Debug|Any CPU
		Release|Any CPU = Release|Any CPU
	EndGlobalSection
	GlobalSection(ProjectConfigurationPlatforms) = postSolution
		{2E0718A6-834D-43ED-B552-763AECCFAB8A}.Debug|Any CPU.ActiveCfg = Debug|Any CPU
		{2E0718A6-834D-43ED-B552-763AECCFAB8A}.Debug|Any CPU.Build.0 = Debug|Any CPU
		{2E0718A6-834D-43ED-B552-763AECCFAB8A}.Release|Any CPU.ActiveCfg = Release|Any CPU
		{2E0718A6-834D-43ED-B552-763AECCFAB8A}.Release|Any CPU.Build.0 = Release|Any CPU
		{B6AC1E57-3646-4EA9-9E23-0447D719E4FC}.Debug|Any CPU.ActiveCfg = Debug|Any CPU
		{B6AC1E57-3646-4EA9-9E23-0447D719E4FC}.Debug|Any CPU.Build.0 = Debug|Any CPU
		{B6AC1E57-3646-4EA9-9E23-0447D719E4FC}.Release|Any CPU.ActiveCfg = Release|Any CPU
		{B6AC1E57-3646-4EA9-9E23-0447D719E4FC}.Release|Any CPU.Build.0 = Release|Any CPU
	EndGlobalSection
	GlobalSection(SolutionProperties) = preSolution
		HideSolutionNode = FALSE
	EndGlobalSection
	GlobalSection(NestedProjects) = preSolution
		{2E0718A6-834D-43ED-B552-763AECCFAB8A} = {655D78BB-D3E0-429A-9645-6DBD52DD420C}
		{B6AC1E57-3646-4EA9-9E23-0447D719E4FC} = {26407C85-4DA4-4D7B-B6FE-BDD29A593D94}
	EndGlobalSection
	GlobalSection(ExtensibilityGlobals) = postSolution
		SolutionGuid = {8A5198FB-D037-4D24-B87D-AD3198EB9FA3}
	EndGlobalSection
EndGlobal
